
Microsoft Visual Studio Solution File, Format Version 12.00
# Visual Studio 15
VisualStudioVersion = 15.0.28307.1340
MinimumVisualStudioVersion = 10.0.40219.1
Project("{FAE04EC0-301F-11D3-BF4B-00C04F79EFBC}") = "JpegSıkıstırma", "JpegSıkıstıma\JpegSıkıstırma.csproj", "{B48EE137-3196-43BA-BFCA-31435EEB4A55}"
EndProject
Project("{54435603-DBB4-11D2-8724-00A0C9A8B90C}") = "JpegSıkıştırma", "JpegSıkıştırma\JpegSıkıştırma.vdproj", "{01ADBA05-46BC-47D3-9206-91D4E95C4916}"
EndProject
Global
	GlobalSection(SolutionConfigurationPlatforms) = preSolution
		Debug|Any CPU = Debug|Any CPU
		Release|Any CPU = Release|Any CPU
	EndGlobalSection
	GlobalSection(ProjectConfigurationPlatforms) = postSolution
		{B48EE137-3196-43BA-BFCA-31435EEB4A55}.Debug|Any CPU.ActiveCfg = Debug|Any CPU
		{B48EE137-3196-43BA-BFCA-31435EEB4A55}.Debug|Any CPU.Build.0 = Debug|Any CPU
		{B48EE137-3196-43BA-BFCA-31435EEB4A55}.Release|Any CPU.ActiveCfg = Release|Any CPU
		{B48EE137-3196-43BA-BFCA-31435EEB4A55}.Release|Any CPU.Build.0 = Release|Any CPU
		{01ADBA05-46BC-47D3-9206-91D4E95C4916}.Debug|Any CPU.ActiveCfg = Debug
		{01ADBA05-46BC-47D3-9206-91D4E95C4916}.Release|Any CPU.ActiveCfg = Release
	EndGlobalSection
	GlobalSection(SolutionProperties) = preSolution
		HideSolutionNode = FALSE
	EndGlobalSection
	GlobalSection(ExtensibilityGlobals) = postSolution
		SolutionGuid = {F17B56D6-EA28-43B5-9F56-A288CF9A3201}
	EndGlobalSection
EndGlobal
